
Microsoft Visual Studio Solution File, Format Version 12.00
# Visual Studio Version 17
VisualStudioVersion = 17.5.002.0
MinimumVisualStudioVersion = 10.0.40219.1
Project("{9A19103F-16F7-4668-BE54-9A1E7A4F7556}") = "algoritmo2024.1", "algoritmo2024.1.csproj", "{065DFCFE-B631-4220-95DD-85E4C24C4443}"
EndProject
Global
	GlobalSection(SolutionConfigurationPlatforms) = preSolution
		Debug|Any CPU = Debug|Any CPU
		Release|Any CPU = Release|Any CPU
	EndGlobalSection
	GlobalSection(ProjectConfigurationPlatforms) = postSolution
		{065DFCFE-B631-4220-95DD-85E4C24C4443}.Debug|Any CPU.ActiveCfg = Debug|Any CPU
		{065DFCFE-B631-4220-95DD-85E4C24C4443}.Debug|Any CPU.Build.0 = Debug|Any CPU
		{065DFCFE-B631-4220-95DD-85E4C24C4443}.Release|Any CPU.ActiveCfg = Release|Any CPU
		{065DFCFE-B631-4220-95DD-85E4C24C4443}.Release|Any CPU.Build.0 = Release|Any CPU
	EndGlobalSection
	GlobalSection(SolutionProperties) = preSolution
		HideSolutionNode = FALSE
	EndGlobalSection
	GlobalSection(ExtensibilityGlobals) = postSolution
		SolutionGuid = {58D6945A-97D7-4CA4-AD29-D2D17838BB01}
	EndGlobalSection
EndGlobal
