
Microsoft Visual Studio Solution File, Format Version 12.00
# Visual Studio Version 17
VisualStudioVersion = 17.5.002.0
MinimumVisualStudioVersion = 10.0.40219.1
Project("{9A19103F-16F7-4668-BE54-9A1E7A4F7556}") = "algoritmo 2024", "algoritmo 2024.csproj", "{782B6C39-9279-4991-9187-CE5BF899AB54}"
EndProject
Global
	GlobalSection(SolutionConfigurationPlatforms) = preSolution
		Debug|Any CPU = Debug|Any CPU
		Release|Any CPU = Release|Any CPU
	EndGlobalSection
	GlobalSection(ProjectConfigurationPlatforms) = postSolution
		{782B6C39-9279-4991-9187-CE5BF899AB54}.Debug|Any CPU.ActiveCfg = Debug|Any CPU
		{782B6C39-9279-4991-9187-CE5BF899AB54}.Debug|Any CPU.Build.0 = Debug|Any CPU
		{782B6C39-9279-4991-9187-CE5BF899AB54}.Release|Any CPU.ActiveCfg = Release|Any CPU
		{782B6C39-9279-4991-9187-CE5BF899AB54}.Release|Any CPU.Build.0 = Release|Any CPU
	EndGlobalSection
	GlobalSection(SolutionProperties) = preSolution
		HideSolutionNode = FALSE
	EndGlobalSection
	GlobalSection(ExtensibilityGlobals) = postSolution
		SolutionGuid = {8AB20681-F45E-4E19-8334-ED32A730CF96}
	EndGlobalSection
EndGlobal
