
Microsoft Visual Studio Solution File, Format Version 12.00
# Visual Studio Version 17
VisualStudioVersion = 17.5.002.0
MinimumVisualStudioVersion = 10.0.40219.1
Project("{9A19103F-16F7-4668-BE54-9A1E7A4F7556}") = "algoritmo2024.2", "algoritmo2024.2.csproj", "{F9700FA2-F503-4BF0-9C03-55A4B103870E}"
EndProject
Global
	GlobalSection(SolutionConfigurationPlatforms) = preSolution
		Debug|Any CPU = Debug|Any CPU
		Release|Any CPU = Release|Any CPU
	EndGlobalSection
	GlobalSection(ProjectConfigurationPlatforms) = postSolution
		{F9700FA2-F503-4BF0-9C03-55A4B103870E}.Debug|Any CPU.ActiveCfg = Debug|Any CPU
		{F9700FA2-F503-4BF0-9C03-55A4B103870E}.Debug|Any CPU.Build.0 = Debug|Any CPU
		{F9700FA2-F503-4BF0-9C03-55A4B103870E}.Release|Any CPU.ActiveCfg = Release|Any CPU
		{F9700FA2-F503-4BF0-9C03-55A4B103870E}.Release|Any CPU.Build.0 = Release|Any CPU
	EndGlobalSection
	GlobalSection(SolutionProperties) = preSolution
		HideSolutionNode = FALSE
	EndGlobalSection
	GlobalSection(ExtensibilityGlobals) = postSolution
		SolutionGuid = {2583E874-902A-4B87-A2AF-84BE9429DF84}
	EndGlobalSection
EndGlobal
